{
  "name": "flagship-react-native-sdk",
  "version": "0.1.0",
  "lockfileVersion": 1,
  "requires": true,
  "dependencies": {
    "@flagship.io/js-sdk": {
      "version": "0.1.10",
      "resolved": "https://registry.npmjs.org/@flagship.io/js-sdk/-/js-sdk-0.1.10.tgz",
      "integrity": "sha512-vCO+LbnD2dKFtQgeXBoF7CqwBE4r3aILJTNCx8SsE5hRhsuEE+JyMEuZlde6fZ/k8eyiUJyjKERsZYvY8X3WHg==",
      "requires": {
        "axios": "^0.19.0"
      }
    },
    "@flagship.io/react-sdk": {
      "version": "0.0.20",
      "resolved": "https://registry.npmjs.org/@flagship.io/react-sdk/-/react-sdk-0.0.20.tgz",
      "integrity": "sha512-WyDmtpHVIPSvoQoYqIcPdPmR8didrTDeVbdSdGG45BruPYPb+yYHHw6+ZqQMLxRtNmuOAtAVeEEN5srDvIW34A==",
      "requires": {
        "@flagship.io/js-sdk": "^0.1.10"
      }
    },
    "axios": {
      "version": "0.19.2",
      "resolved": "https://registry.npmjs.org/axios/-/axios-0.19.2.tgz",
      "integrity": "sha512-fjgm5MvRHLhx+osE2xoekY70AhARk3a6hkN+3Io1jc00jtquGvxYlKlsFUhmUET0V5te6CcZI7lcv2Ym61mjHA==",
      "requires": {
        "follow-redirects": "1.5.10"
      }
    },
    "debug": {
      "version": "3.1.0",
      "resolved": "https://registry.npmjs.org/debug/-/debug-3.1.0.tgz",
      "integrity": "sha512-OX8XqP7/1a9cqkxYw2yXss15f26NKWBpDXQd0/uK/KPqdQhxbPa994hnzjcE2VqQpDslf55723cKPUOGSmMY3g==",
      "requires": {
        "ms": "2.0.0"
      }
    },
    "follow-redirects": {
      "version": "1.5.10",
      "resolved": "https://registry.npmjs.org/follow-redirects/-/follow-redirects-1.5.10.tgz",
      "integrity": "sha512-0V5l4Cizzvqt5D44aTXbFZz+FtyXV1vrDN6qrelxtfYQKW0KO0W2T/hkE8xvGa/540LkZlkaUjO4ailYTFtHVQ==",
      "requires": {
        "debug": "=3.1.0"
      }
    },
    "ms": {
      "version": "2.0.0",
      "resolved": "https://registry.npmjs.org/ms/-/ms-2.0.0.tgz",
      "integrity": "sha1-VgiurfwAvmwpAd9fmGF4jeDVl8g="
    }
  }
}
